
Microsoft Visual Studio Solution File, Format Version 12.00
# Visual Studio Version 17
VisualStudioVersion = 17.5.33502.453
MinimumVisualStudioVersion = 10.0.40219.1
Project("{FAE04EC0-301F-11D3-BF4B-00C04F79EFBC}") = "Logitop", "Logitop.csproj", "{0D720B72-7B2F-41D2-818E-65A6B9ABCD5B}"
EndProject
Global
	GlobalSection(SolutionConfigurationPlatforms) = preSolution
		Debug|Any CPU = Debug|Any CPU
		Release|Any CPU = Release|Any CPU
	EndGlobalSection
	GlobalSection(ProjectConfigurationPlatforms) = postSolution
		{0D720B72-7B2F-41D2-818E-65A6B9ABCD5B}.Debug|Any CPU.ActiveCfg = Debug|Any CPU
		{0D720B72-7B2F-41D2-818E-65A6B9ABCD5B}.Debug|Any CPU.Build.0 = Debug|Any CPU
		{0D720B72-7B2F-41D2-818E-65A6B9ABCD5B}.Release|Any CPU.ActiveCfg = Release|Any CPU
		{0D720B72-7B2F-41D2-818E-65A6B9ABCD5B}.Release|Any CPU.Build.0 = Release|Any CPU
	EndGlobalSection
	GlobalSection(SolutionProperties) = preSolution
		HideSolutionNode = FALSE
	EndGlobalSection
	GlobalSection(ExtensibilityGlobals) = postSolution
		SolutionGuid = {2A461C8C-507F-4386-93D6-6514F27BA16C}
	EndGlobalSection
EndGlobal
